
Microsoft Visual Studio Solution File, Format Version 12.00
# Visual Studio 15
VisualStudioVersion = 15.0.28307.1062
MinimumVisualStudioVersion = 10.0.40219.1
Project("{FAE04EC0-301F-11D3-BF4B-00C04F79EFBC}") = "LAB_EX", "ConsoleApp1\LAB_EX.csproj", "{5F645A7A-8CB4-49DD-981C-73D2FC5E23A3}"
EndProject
Project("{FAE04EC0-301F-11D3-BF4B-00C04F79EFBC}") = "usd to bgn", "ConsoleApp2\usd to bgn.csproj", "{AB9A484D-C96C-4FB9-9CE4-901EC70E475B}"
EndProject
Project("{FAE04EC0-301F-11D3-BF4B-00C04F79EFBC}") = "aquarium", "aquarium\aquarium.csproj", "{405AC7D5-F768-4F80-8DD4-F8E6B3C0E797}"
EndProject
Project("{FAE04EC0-301F-11D3-BF4B-00C04F79EFBC}") = "ozelenyavane", "ozelenyavane\ozelenyavane.csproj", "{F612327E-2D3A-4DCB-97B3-79EBA69D80DA}"
EndProject
Project("{FAE04EC0-301F-11D3-BF4B-00C04F79EFBC}") = "zooshop", "zooshop\zooshop.csproj", "{93C9399F-35A5-4478-B564-79263C60F53D}"
EndProject
Project("{FAE04EC0-301F-11D3-BF4B-00C04F79EFBC}") = "radians", "radians\radians.csproj", "{19693360-D710-47DF-890C-514DABA20E62}"
EndProject
Project("{FAE04EC0-301F-11D3-BF4B-00C04F79EFBC}") = "2D rectangle area", "2D rectangle area\2D rectangle area.csproj", "{8747B220-8A77-4DBA-9B73-23B36D57652D}"
EndProject
Project("{FAE04EC0-301F-11D3-BF4B-00C04F79EFBC}") = "Tailoring Workshop", "Tailoring Workshop\Tailoring Workshop.csproj", "{D12BD707-ED11-47A3-8AAF-00F369C8247C}"
EndProject
Project("{FAE04EC0-301F-11D3-BF4B-00C04F79EFBC}") = "dance hall", "dance hall\dance hall.csproj", "{6046B76F-F6FA-4F85-9918-F3C715947A4B}"
EndProject
Project("{FAE04EC0-301F-11D3-BF4B-00C04F79EFBC}") = "charity", "charity\charity.csproj", "{F5EC4691-E5EC-40B1-A7B1-7D904C70FF31}"
EndProject
Project("{FAE04EC0-301F-11D3-BF4B-00C04F79EFBC}") = "alcohol shop", "alcohol shop\alcohol shop.csproj", "{1D1A136B-06DA-4C64-BD1C-7D1F7946FE5D}"
EndProject
Global
	GlobalSection(SolutionConfigurationPlatforms) = preSolution
		Debug|Any CPU = Debug|Any CPU
		Debug|ARM = Debug|ARM
		Debug|ARM64 = Debug|ARM64
		Debug|x64 = Debug|x64
		Debug|x86 = Debug|x86
		Release|Any CPU = Release|Any CPU
		Release|ARM = Release|ARM
		Release|ARM64 = Release|ARM64
		Release|x64 = Release|x64
		Release|x86 = Release|x86
	EndGlobalSection
	GlobalSection(ProjectConfigurationPlatforms) = postSolution
		{5F645A7A-8CB4-49DD-981C-73D2FC5E23A3}.Debug|Any CPU.ActiveCfg = Debug|Any CPU
		{5F645A7A-8CB4-49DD-981C-73D2FC5E23A3}.Debug|Any CPU.Build.0 = Debug|Any CPU
		{5F645A7A-8CB4-49DD-981C-73D2FC5E23A3}.Debug|ARM.ActiveCfg = Debug|Any CPU
		{5F645A7A-8CB4-49DD-981C-73D2FC5E23A3}.Debug|ARM.Build.0 = Debug|Any CPU
		{5F645A7A-8CB4-49DD-981C-73D2FC5E23A3}.Debug|ARM64.ActiveCfg = Debug|Any CPU
		{5F645A7A-8CB4-49DD-981C-73D2FC5E23A3}.Debug|ARM64.Build.0 = Debug|Any CPU
		{5F645A7A-8CB4-49DD-981C-73D2FC5E23A3}.Debug|x64.ActiveCfg = Debug|Any CPU
		{5F645A7A-8CB4-49DD-981C-73D2FC5E23A3}.Debug|x64.Build.0 = Debug|Any CPU
		{5F645A7A-8CB4-49DD-981C-73D2FC5E23A3}.Debug|x86.ActiveCfg = Debug|Any CPU
		{5F645A7A-8CB4-49DD-981C-73D2FC5E23A3}.Debug|x86.Build.0 = Debug|Any CPU
		{5F645A7A-8CB4-49DD-981C-73D2FC5E23A3}.Release|Any CPU.ActiveCfg = Release|Any CPU
		{5F645A7A-8CB4-49DD-981C-73D2FC5E23A3}.Release|Any CPU.Build.0 = Release|Any CPU
		{5F645A7A-8CB4-49DD-981C-73D2FC5E23A3}.Release|ARM.ActiveCfg = Release|Any CPU
		{5F645A7A-8CB4-49DD-981C-73D2FC5E23A3}.Release|ARM.Build.0 = Release|Any CPU
		{5F645A7A-8CB4-49DD-981C-73D2FC5E23A3}.Release|ARM64.ActiveCfg = Release|Any CPU
		{5F645A7A-8CB4-49DD-981C-73D2FC5E23A3}.Release|ARM64.Build.0 = Release|Any CPU
		{5F645A7A-8CB4-49DD-981C-73D2FC5E23A3}.Release|x64.ActiveCfg = Release|Any CPU
		{5F645A7A-8CB4-49DD-981C-73D2FC5E23A3}.Release|x64.Build.0 = Release|Any CPU
		{5F645A7A-8CB4-49DD-981C-73D2FC5E23A3}.Release|x86.ActiveCfg = Release|Any CPU
		{5F645A7A-8CB4-49DD-981C-73D2FC5E23A3}.Release|x86.Build.0 = Release|Any CPU
		{AB9A484D-C96C-4FB9-9CE4-901EC70E475B}.Debug|Any CPU.ActiveCfg = Debug|Any CPU
		{AB9A484D-C96C-4FB9-9CE4-901EC70E475B}.Debug|Any CPU.Build.0 = Debug|Any CPU
		{AB9A484D-C96C-4FB9-9CE4-901EC70E475B}.Debug|ARM.ActiveCfg = Debug|Any CPU
		{AB9A484D-C96C-4FB9-9CE4-901EC70E475B}.Debug|ARM.Build.0 = Debug|Any CPU
		{AB9A484D-C96C-4FB9-9CE4-901EC70E475B}.Debug|ARM64.ActiveCfg = Debug|Any CPU
		{AB9A484D-C96C-4FB9-9CE4-901EC70E475B}.Debug|ARM64.Build.0 = Debug|Any CPU
		{AB9A484D-C96C-4FB9-9CE4-901EC70E475B}.Debug|x64.ActiveCfg = Debug|Any CPU
		{AB9A484D-C96C-4FB9-9CE4-901EC70E475B}.Debug|x64.Build.0 = Debug|Any CPU
		{AB9A484D-C96C-4FB9-9CE4-901EC70E475B}.Debug|x86.ActiveCfg = Debug|Any CPU
		{AB9A484D-C96C-4FB9-9CE4-901EC70E475B}.Debug|x86.Build.0 = Debug|Any CPU
		{AB9A484D-C96C-4FB9-9CE4-901EC70E475B}.Release|Any CPU.ActiveCfg = Release|Any CPU
		{AB9A484D-C96C-4FB9-9CE4-901EC70E475B}.Release|Any CPU.Build.0 = Release|Any CPU
		{AB9A484D-C96C-4FB9-9CE4-901EC70E475B}.Release|ARM.ActiveCfg = Release|Any CPU
		{AB9A484D-C96C-4FB9-9CE4-901EC70E475B}.Release|ARM.Build.0 = Release|Any CPU
		{AB9A484D-C96C-4FB9-9CE4-901EC70E475B}.Release|ARM64.ActiveCfg = Release|Any CPU
		{AB9A484D-C96C-4FB9-9CE4-901EC70E475B}.Release|ARM64.Build.0 = Release|Any CPU
		{AB9A484D-C96C-4FB9-9CE4-901EC70E475B}.Release|x64.ActiveCfg = Release|Any CPU
		{AB9A484D-C96C-4FB9-9CE4-901EC70E475B}.Release|x64.Build.0 = Release|Any CPU
		{AB9A484D-C96C-4FB9-9CE4-901EC70E475B}.Release|x86.ActiveCfg = Release|Any CPU
		{AB9A484D-C96C-4FB9-9CE4-901EC70E475B}.Release|x86.Build.0 = Release|Any CPU
		{405AC7D5-F768-4F80-8DD4-F8E6B3C0E797}.Debug|Any CPU.ActiveCfg = Debug|Any CPU
		{405AC7D5-F768-4F80-8DD4-F8E6B3C0E797}.Debug|Any CPU.Build.0 = Debug|Any CPU
		{405AC7D5-F768-4F80-8DD4-F8E6B3C0E797}.Debug|ARM.ActiveCfg = Debug|Any CPU
		{405AC7D5-F768-4F80-8DD4-F8E6B3C0E797}.Debug|ARM.Build.0 = Debug|Any CPU
		{405AC7D5-F768-4F80-8DD4-F8E6B3C0E797}.Debug|ARM64.ActiveCfg = Debug|Any CPU
		{405AC7D5-F768-4F80-8DD4-F8E6B3C0E797}.Debug|ARM64.Build.0 = Debug|Any CPU
		{405AC7D5-F768-4F80-8DD4-F8E6B3C0E797}.Debug|x64.ActiveCfg = Debug|Any CPU
		{405AC7D5-F768-4F80-8DD4-F8E6B3C0E797}.Debug|x64.Build.0 = Debug|Any CPU
		{405AC7D5-F768-4F80-8DD4-F8E6B3C0E797}.Debug|x86.ActiveCfg = Debug|Any CPU
		{405AC7D5-F768-4F80-8DD4-F8E6B3C0E797}.Debug|x86.Build.0 = Debug|Any CPU
		{405AC7D5-F768-4F80-8DD4-F8E6B3C0E797}.Release|Any CPU.ActiveCfg = Release|Any CPU
		{405AC7D5-F768-4F80-8DD4-F8E6B3C0E797}.Release|Any CPU.Build.0 = Release|Any CPU
		{405AC7D5-F768-4F80-8DD4-F8E6B3C0E797}.Release|ARM.ActiveCfg = Release|Any CPU
		{405AC7D5-F768-4F80-8DD4-F8E6B3C0E797}.Release|ARM.Build.0 = Release|Any CPU
		{405AC7D5-F768-4F80-8DD4-F8E6B3C0E797}.Release|ARM64.ActiveCfg = Release|Any CPU
		{405AC7D5-F768-4F80-8DD4-F8E6B3C0E797}.Release|ARM64.Build.0 = Release|Any CPU
		{405AC7D5-F768-4F80-8DD4-F8E6B3C0E797}.Release|x64.ActiveCfg = Release|Any CPU
		{405AC7D5-F768-4F80-8DD4-F8E6B3C0E797}.Release|x64.Build.0 = Release|Any CPU
		{405AC7D5-F768-4F80-8DD4-F8E6B3C0E797}.Release|x86.ActiveCfg = Release|Any CPU
		{405AC7D5-F768-4F80-8DD4-F8E6B3C0E797}.Release|x86.Build.0 = Release|Any CPU
		{F612327E-2D3A-4DCB-97B3-79EBA69D80DA}.Debug|Any CPU.ActiveCfg = Debug|Any CPU
		{F612327E-2D3A-4DCB-97B3-79EBA69D80DA}.Debug|Any CPU.Build.0 = Debug|Any CPU
		{F612327E-2D3A-4DCB-97B3-79EBA69D80DA}.Debug|ARM.ActiveCfg = Debug|Any CPU
		{F612327E-2D3A-4DCB-97B3-79EBA69D80DA}.Debug|ARM.Build.0 = Debug|Any CPU
		{F612327E-2D3A-4DCB-97B3-79EBA69D80DA}.Debug|ARM64.ActiveCfg = Debug|Any CPU
		{F612327E-2D3A-4DCB-97B3-79EBA69D80DA}.Debug|ARM64.Build.0 = Debug|Any CPU
		{F612327E-2D3A-4DCB-97B3-79EBA69D80DA}.Debug|x64.ActiveCfg = Debug|Any CPU
		{F612327E-2D3A-4DCB-97B3-79EBA69D80DA}.Debug|x64.Build.0 = Debug|Any CPU
		{F612327E-2D3A-4DCB-97B3-79EBA69D80DA}.Debug|x86.ActiveCfg = Debug|Any CPU
		{F612327E-2D3A-4DCB-97B3-79EBA69D80DA}.Debug|x86.Build.0 = Debug|Any CPU
		{F612327E-2D3A-4DCB-97B3-79EBA69D80DA}.Release|Any CPU.ActiveCfg = Release|Any CPU
		{F612327E-2D3A-4DCB-97B3-79EBA69D80DA}.Release|Any CPU.Build.0 = Release|Any CPU
		{F612327E-2D3A-4DCB-97B3-79EBA69D80DA}.Release|ARM.ActiveCfg = Release|Any CPU
		{F612327E-2D3A-4DCB-97B3-79EBA69D80DA}.Release|ARM.Build.0 = Release|Any CPU
		{F612327E-2D3A-4DCB-97B3-79EBA69D80DA}.Release|ARM64.ActiveCfg = Release|Any CPU
		{F612327E-2D3A-4DCB-97B3-79EBA69D80DA}.Release|ARM64.Build.0 = Release|Any CPU
		{F612327E-2D3A-4DCB-97B3-79EBA69D80DA}.Release|x64.ActiveCfg = Release|Any CPU
		{F612327E-2D3A-4DCB-97B3-79EBA69D80DA}.Release|x64.Build.0 = Release|Any CPU
		{F612327E-2D3A-4DCB-97B3-79EBA69D80DA}.Release|x86.ActiveCfg = Release|Any CPU
		{F612327E-2D3A-4DCB-97B3-79EBA69D80DA}.Release|x86.Build.0 = Release|Any CPU
		{93C9399F-35A5-4478-B564-79263C60F53D}.Debug|Any CPU.ActiveCfg = Debug|Any CPU
		{93C9399F-35A5-4478-B564-79263C60F53D}.Debug|Any CPU.Build.0 = Debug|Any CPU
		{93C9399F-35A5-4478-B564-79263C60F53D}.Debug|ARM.ActiveCfg = Debug|Any CPU
		{93C9399F-35A5-4478-B564-79263C60F53D}.Debug|ARM.Build.0 = Debug|Any CPU
		{93C9399F-35A5-4478-B564-79263C60F53D}.Debug|ARM64.ActiveCfg = Debug|Any CPU
		{93C9399F-35A5-4478-B564-79263C60F53D}.Debug|ARM64.Build.0 = Debug|Any CPU
		{93C9399F-35A5-4478-B564-79263C60F53D}.Debug|x64.ActiveCfg = Debug|Any CPU
		{93C9399F-35A5-4478-B564-79263C60F53D}.Debug|x64.Build.0 = Debug|Any CPU
		{93C9399F-35A5-4478-B564-79263C60F53D}.Debug|x86.ActiveCfg = Debug|Any CPU
		{93C9399F-35A5-4478-B564-79263C60F53D}.Debug|x86.Build.0 = Debug|Any CPU
		{93C9399F-35A5-4478-B564-79263C60F53D}.Release|Any CPU.ActiveCfg = Release|Any CPU
		{93C9399F-35A5-4478-B564-79263C60F53D}.Release|Any CPU.Build.0 = Release|Any CPU
		{93C9399F-35A5-4478-B564-79263C60F53D}.Release|ARM.ActiveCfg = Release|Any CPU
		{93C9399F-35A5-4478-B564-79263C60F53D}.Release|ARM.Build.0 = Release|Any CPU
		{93C9399F-35A5-4478-B564-79263C60F53D}.Release|ARM64.ActiveCfg = Release|Any CPU
		{93C9399F-35A5-4478-B564-79263C60F53D}.Release|ARM64.Build.0 = Release|Any CPU
		{93C9399F-35A5-4478-B564-79263C60F53D}.Release|x64.ActiveCfg = Release|Any CPU
		{93C9399F-35A5-4478-B564-79263C60F53D}.Release|x64.Build.0 = Release|Any CPU
		{93C9399F-35A5-4478-B564-79263C60F53D}.Release|x86.ActiveCfg = Release|Any CPU
		{93C9399F-35A5-4478-B564-79263C60F53D}.Release|x86.Build.0 = Release|Any CPU
		{19693360-D710-47DF-890C-514DABA20E62}.Debug|Any CPU.ActiveCfg = Debug|Any CPU
		{19693360-D710-47DF-890C-514DABA20E62}.Debug|Any CPU.Build.0 = Debug|Any CPU
		{19693360-D710-47DF-890C-514DABA20E62}.Debug|ARM.ActiveCfg = Debug|Any CPU
		{19693360-D710-47DF-890C-514DABA20E62}.Debug|ARM.Build.0 = Debug|Any CPU
		{19693360-D710-47DF-890C-514DABA20E62}.Debug|ARM64.ActiveCfg = Debug|Any CPU
		{19693360-D710-47DF-890C-514DABA20E62}.Debug|ARM64.Build.0 = Debug|Any CPU
		{19693360-D710-47DF-890C-514DABA20E62}.Debug|x64.ActiveCfg = Debug|Any CPU
		{19693360-D710-47DF-890C-514DABA20E62}.Debug|x64.Build.0 = Debug|Any CPU
		{19693360-D710-47DF-890C-514DABA20E62}.Debug|x86.ActiveCfg = Debug|Any CPU
		{19693360-D710-47DF-890C-514DABA20E62}.Debug|x86.Build.0 = Debug|Any CPU
		{19693360-D710-47DF-890C-514DABA20E62}.Release|Any CPU.ActiveCfg = Release|Any CPU
		{19693360-D710-47DF-890C-514DABA20E62}.Release|Any CPU.Build.0 = Release|Any CPU
		{19693360-D710-47DF-890C-514DABA20E62}.Release|ARM.ActiveCfg = Release|Any CPU
		{19693360-D710-47DF-890C-514DABA20E62}.Release|ARM.Build.0 = Release|Any CPU
		{19693360-D710-47DF-890C-514DABA20E62}.Release|ARM64.ActiveCfg = Release|Any CPU
		{19693360-D710-47DF-890C-514DABA20E62}.Release|ARM64.Build.0 = Release|Any CPU
		{19693360-D710-47DF-890C-514DABA20E62}.Release|x64.ActiveCfg = Release|Any CPU
		{19693360-D710-47DF-890C-514DABA20E62}.Release|x64.Build.0 = Release|Any CPU
		{19693360-D710-47DF-890C-514DABA20E62}.Release|x86.ActiveCfg = Release|Any CPU
		{19693360-D710-47DF-890C-514DABA20E62}.Release|x86.Build.0 = Release|Any CPU
		{8747B220-8A77-4DBA-9B73-23B36D57652D}.Debug|Any CPU.ActiveCfg = Debug|Any CPU
		{8747B220-8A77-4DBA-9B73-23B36D57652D}.Debug|Any CPU.Build.0 = Debug|Any CPU
		{8747B220-8A77-4DBA-9B73-23B36D57652D}.Debug|ARM.ActiveCfg = Debug|Any CPU
		{8747B220-8A77-4DBA-9B73-23B36D57652D}.Debug|ARM.Build.0 = Debug|Any CPU
		{8747B220-8A77-4DBA-9B73-23B36D57652D}.Debug|ARM64.ActiveCfg = Debug|Any CPU
		{8747B220-8A77-4DBA-9B73-23B36D57652D}.Debug|ARM64.Build.0 = Debug|Any CPU
		{8747B220-8A77-4DBA-9B73-23B36D57652D}.Debug|x64.ActiveCfg = Debug|Any CPU
		{8747B220-8A77-4DBA-9B73-23B36D57652D}.Debug|x64.Build.0 = Debug|Any CPU
		{8747B220-8A77-4DBA-9B73-23B36D57652D}.Debug|x86.ActiveCfg = Debug|Any CPU
		{8747B220-8A77-4DBA-9B73-23B36D57652D}.Debug|x86.Build.0 = Debug|Any CPU
		{8747B220-8A77-4DBA-9B73-23B36D57652D}.Release|Any CPU.ActiveCfg = Release|Any CPU
		{8747B220-8A77-4DBA-9B73-23B36D57652D}.Release|Any CPU.Build.0 = Release|Any CPU
		{8747B220-8A77-4DBA-9B73-23B36D57652D}.Release|ARM.ActiveCfg = Release|Any CPU
		{8747B220-8A77-4DBA-9B73-23B36D57652D}.Release|ARM.Build.0 = Release|Any CPU
		{8747B220-8A77-4DBA-9B73-23B36D57652D}.Release|ARM64.ActiveCfg = Release|Any CPU
		{8747B220-8A77-4DBA-9B73-23B36D57652D}.Release|ARM64.Build.0 = Release|Any CPU
		{8747B220-8A77-4DBA-9B73-23B36D57652D}.Release|x64.ActiveCfg = Release|Any CPU
		{8747B220-8A77-4DBA-9B73-23B36D57652D}.Release|x64.Build.0 = Release|Any CPU
		{8747B220-8A77-4DBA-9B73-23B36D57652D}.Release|x86.ActiveCfg = Release|Any CPU
		{8747B220-8A77-4DBA-9B73-23B36D57652D}.Release|x86.Build.0 = Release|Any CPU
		{D12BD707-ED11-47A3-8AAF-00F369C8247C}.Debug|Any CPU.ActiveCfg = Debug|Any CPU
		{D12BD707-ED11-47A3-8AAF-00F369C8247C}.Debug|Any CPU.Build.0 = Debug|Any CPU
		{D12BD707-ED11-47A3-8AAF-00F369C8247C}.Debug|ARM.ActiveCfg = Debug|Any CPU
		{D12BD707-ED11-47A3-8AAF-00F369C8247C}.Debug|ARM.Build.0 = Debug|Any CPU
		{D12BD707-ED11-47A3-8AAF-00F369C8247C}.Debug|ARM64.ActiveCfg = Debug|Any CPU
		{D12BD707-ED11-47A3-8AAF-00F369C8247C}.Debug|ARM64.Build.0 = Debug|Any CPU
		{D12BD707-ED11-47A3-8AAF-00F369C8247C}.Debug|x64.ActiveCfg = Debug|Any CPU
		{D12BD707-ED11-47A3-8AAF-00F369C8247C}.Debug|x64.Build.0 = Debug|Any CPU
		{D12BD707-ED11-47A3-8AAF-00F369C8247C}.Debug|x86.ActiveCfg = Debug|Any CPU
		{D12BD707-ED11-47A3-8AAF-00F369C8247C}.Debug|x86.Build.0 = Debug|Any CPU
		{D12BD707-ED11-47A3-8AAF-00F369C8247C}.Release|Any CPU.ActiveCfg = Release|Any CPU
		{D12BD707-ED11-47A3-8AAF-00F369C8247C}.Release|Any CPU.Build.0 = Release|Any CPU
		{D12BD707-ED11-47A3-8AAF-00F369C8247C}.Release|ARM.ActiveCfg = Release|Any CPU
		{D12BD707-ED11-47A3-8AAF-00F369C8247C}.Release|ARM.Build.0 = Release|Any CPU
		{D12BD707-ED11-47A3-8AAF-00F369C8247C}.Release|ARM64.ActiveCfg = Release|Any CPU
		{D12BD707-ED11-47A3-8AAF-00F369C8247C}.Release|ARM64.Build.0 = Release|Any CPU
		{D12BD707-ED11-47A3-8AAF-00F369C8247C}.Release|x64.ActiveCfg = Release|Any CPU
		{D12BD707-ED11-47A3-8AAF-00F369C8247C}.Release|x64.Build.0 = Release|Any CPU
		{D12BD707-ED11-47A3-8AAF-00F369C8247C}.Release|x86.ActiveCfg = Release|Any CPU
		{D12BD707-ED11-47A3-8AAF-00F369C8247C}.Release|x86.Build.0 = Release|Any CPU
		{6046B76F-F6FA-4F85-9918-F3C715947A4B}.Debug|Any CPU.ActiveCfg = Debug|Any CPU
		{6046B76F-F6FA-4F85-9918-F3C715947A4B}.Debug|Any CPU.Build.0 = Debug|Any CPU
		{6046B76F-F6FA-4F85-9918-F3C715947A4B}.Debug|ARM.ActiveCfg = Debug|Any CPU
		{6046B76F-F6FA-4F85-9918-F3C715947A4B}.Debug|ARM.Build.0 = Debug|Any CPU
		{6046B76F-F6FA-4F85-9918-F3C715947A4B}.Debug|ARM64.ActiveCfg = Debug|Any CPU
		{6046B76F-F6FA-4F85-9918-F3C715947A4B}.Debug|ARM64.Build.0 = Debug|Any CPU
		{6046B76F-F6FA-4F85-9918-F3C715947A4B}.Debug|x64.ActiveCfg = Debug|Any CPU
		{6046B76F-F6FA-4F85-9918-F3C715947A4B}.Debug|x64.Build.0 = Debug|Any CPU
		{6046B76F-F6FA-4F85-9918-F3C715947A4B}.Debug|x86.ActiveCfg = Debug|Any CPU
		{6046B76F-F6FA-4F85-9918-F3C715947A4B}.Debug|x86.Build.0 = Debug|Any CPU
		{6046B76F-F6FA-4F85-9918-F3C715947A4B}.Release|Any CPU.ActiveCfg = Release|Any CPU
		{6046B76F-F6FA-4F85-9918-F3C715947A4B}.Release|Any CPU.Build.0 = Release|Any CPU
		{6046B76F-F6FA-4F85-9918-F3C715947A4B}.Release|ARM.ActiveCfg = Release|Any CPU
		{6046B76F-F6FA-4F85-9918-F3C715947A4B}.Release|ARM.Build.0 = Release|Any CPU
		{6046B76F-F6FA-4F85-9918-F3C715947A4B}.Release|ARM64.ActiveCfg = Release|Any CPU
		{6046B76F-F6FA-4F85-9918-F3C715947A4B}.Release|ARM64.Build.0 = Release|Any CPU
		{6046B76F-F6FA-4F85-9918-F3C715947A4B}.Release|x64.ActiveCfg = Release|Any CPU
		{6046B76F-F6FA-4F85-9918-F3C715947A4B}.Release|x64.Build.0 = Release|Any CPU
		{6046B76F-F6FA-4F85-9918-F3C715947A4B}.Release|x86.ActiveCfg = Release|Any CPU
		{6046B76F-F6FA-4F85-9918-F3C715947A4B}.Release|x86.Build.0 = Release|Any CPU
		{F5EC4691-E5EC-40B1-A7B1-7D904C70FF31}.Debug|Any CPU.ActiveCfg = Debug|Any CPU
		{F5EC4691-E5EC-40B1-A7B1-7D904C70FF31}.Debug|Any CPU.Build.0 = Debug|Any CPU
		{F5EC4691-E5EC-40B1-A7B1-7D904C70FF31}.Debug|ARM.ActiveCfg = Debug|Any CPU
		{F5EC4691-E5EC-40B1-A7B1-7D904C70FF31}.Debug|ARM.Build.0 = Debug|Any CPU
		{F5EC4691-E5EC-40B1-A7B1-7D904C70FF31}.Debug|ARM64.ActiveCfg = Debug|Any CPU
		{F5EC4691-E5EC-40B1-A7B1-7D904C70FF31}.Debug|ARM64.Build.0 = Debug|Any CPU
		{F5EC4691-E5EC-40B1-A7B1-7D904C70FF31}.Debug|x64.ActiveCfg = Debug|Any CPU
		{F5EC4691-E5EC-40B1-A7B1-7D904C70FF31}.Debug|x64.Build.0 = Debug|Any CPU
		{F5EC4691-E5EC-40B1-A7B1-7D904C70FF31}.Debug|x86.ActiveCfg = Debug|Any CPU
		{F5EC4691-E5EC-40B1-A7B1-7D904C70FF31}.Debug|x86.Build.0 = Debug|Any CPU
		{F5EC4691-E5EC-40B1-A7B1-7D904C70FF31}.Release|Any CPU.ActiveCfg = Release|Any CPU
		{F5EC4691-E5EC-40B1-A7B1-7D904C70FF31}.Release|Any CPU.Build.0 = Release|Any CPU
		{F5EC4691-E5EC-40B1-A7B1-7D904C70FF31}.Release|ARM.ActiveCfg = Release|Any CPU
		{F5EC4691-E5EC-40B1-A7B1-7D904C70FF31}.Release|ARM.Build.0 = Release|Any CPU
		{F5EC4691-E5EC-40B1-A7B1-7D904C70FF31}.Release|ARM64.ActiveCfg = Release|Any CPU
		{F5EC4691-E5EC-40B1-A7B1-7D904C70FF31}.Release|ARM64.Build.0 = Release|Any CPU
		{F5EC4691-E5EC-40B1-A7B1-7D904C70FF31}.Release|x64.ActiveCfg = Release|Any CPU
		{F5EC4691-E5EC-40B1-A7B1-7D904C70FF31}.Release|x64.Build.0 = Release|Any CPU
		{F5EC4691-E5EC-40B1-A7B1-7D904C70FF31}.Release|x86.ActiveCfg = Release|Any CPU
		{F5EC4691-E5EC-40B1-A7B1-7D904C70FF31}.Release|x86.Build.0 = Release|Any CPU
		{1D1A136B-06DA-4C64-BD1C-7D1F7946FE5D}.Debug|Any CPU.ActiveCfg = Debug|Any CPU
		{1D1A136B-06DA-4C64-BD1C-7D1F7946FE5D}.Debug|Any CPU.Build.0 = Debug|Any CPU
		{1D1A136B-06DA-4C64-BD1C-7D1F7946FE5D}.Debug|ARM.ActiveCfg = Debug|Any CPU
		{1D1A136B-06DA-4C64-BD1C-7D1F7946FE5D}.Debug|ARM.Build.0 = Debug|Any CPU
		{1D1A136B-06DA-4C64-BD1C-7D1F7946FE5D}.Debug|ARM64.ActiveCfg = Debug|Any CPU
		{1D1A136B-06DA-4C64-BD1C-7D1F7946FE5D}.Debug|ARM64.Build.0 = Debug|Any CPU
		{1D1A136B-06DA-4C64-BD1C-7D1F7946FE5D}.Debug|x64.ActiveCfg = Debug|Any CPU
		{1D1A136B-06DA-4C64-BD1C-7D1F7946FE5D}.Debug|x64.Build.0 = Debug|Any CPU
		{1D1A136B-06DA-4C64-BD1C-7D1F7946FE5D}.Debug|x86.ActiveCfg = Debug|Any CPU
		{1D1A136B-06DA-4C64-BD1C-7D1F7946FE5D}.Debug|x86.Build.0 = Debug|Any CPU
		{1D1A136B-06DA-4C64-BD1C-7D1F7946FE5D}.Release|Any CPU.ActiveCfg = Release|Any CPU
		{1D1A136B-06DA-4C64-BD1C-7D1F7946FE5D}.Release|Any CPU.Build.0 = Release|Any CPU
		{1D1A136B-06DA-4C64-BD1C-7D1F7946FE5D}.Release|ARM.ActiveCfg = Release|Any CPU
		{1D1A136B-06DA-4C64-BD1C-7D1F7946FE5D}.Release|ARM.Build.0 = Release|Any CPU
		{1D1A136B-06DA-4C64-BD1C-7D1F7946FE5D}.Release|ARM64.ActiveCfg = Release|Any CPU
		{1D1A136B-06DA-4C64-BD1C-7D1F7946FE5D}.Release|ARM64.Build.0 = Release|Any CPU
		{1D1A136B-06DA-4C64-BD1C-7D1F7946FE5D}.Release|x64.ActiveCfg = Release|Any CPU
		{1D1A136B-06DA-4C64-BD1C-7D1F7946FE5D}.Release|x64.Build.0 = Release|Any CPU
		{1D1A136B-06DA-4C64-BD1C-7D1F7946FE5D}.Release|x86.ActiveCfg = Release|Any CPU
		{1D1A136B-06DA-4C64-BD1C-7D1F7946FE5D}.Release|x86.Build.0 = Release|Any CPU
	EndGlobalSection
	GlobalSection(SolutionProperties) = preSolution
		HideSolutionNode = FALSE
	EndGlobalSection
	GlobalSection(ExtensibilityGlobals) = postSolution
		SolutionGuid = {EF48CBDA-B0D0-43AA-9BA2-BFFD260BDCBE}
	EndGlobalSection
EndGlobal
