
Microsoft Visual Studio Solution File, Format Version 12.00
# Visual Studio 15
VisualStudioVersion = 15.0.28307.1145
MinimumVisualStudioVersion = 10.0.40219.1
Project("{FAE04EC0-301F-11D3-BF4B-00C04F79EFBC}") = "1 savings", "1 savings\1 savings.csproj", "{778560C4-1B9F-42CC-8DE5-FAA496A00E60}"
EndProject
Project("{FAE04EC0-301F-11D3-BF4B-00C04F79EFBC}") = "2 summer shopping", "2 summer shopping\2 summer shopping.csproj", "{2D239BE6-F750-4417-A0FD-7FE7307CE936}"
EndProject
Project("{FAE04EC0-301F-11D3-BF4B-00C04F79EFBC}") = "3 cruise ship", "3 cruise ship\3 cruise ship.csproj", "{1B66A4EE-3166-48BE-8891-7B03C4C3891E}"
EndProject
Project("{FAE04EC0-301F-11D3-BF4B-00C04F79EFBC}") = "4 darts tournament", "4 darts tournament\4 darts tournament.csproj", "{470E1B45-9F18-4A5C-90B0-32538CEF168E}"
EndProject
Project("{FAE04EC0-301F-11D3-BF4B-00C04F79EFBC}") = "5 cruise games", "5 cruise games\5 cruise games.csproj", "{EFC45460-4B7D-434F-B9AC-3F3D63831708}"
EndProject
Project("{FAE04EC0-301F-11D3-BF4B-00C04F79EFBC}") = "6 baking competition", "6 baking competition\6 baking competition.csproj", "{3052741E-04EA-44DB-8719-78790F17479B}"
EndProject
Global
	GlobalSection(SolutionConfigurationPlatforms) = preSolution
		Debug|Any CPU = Debug|Any CPU
		Release|Any CPU = Release|Any CPU
	EndGlobalSection
	GlobalSection(ProjectConfigurationPlatforms) = postSolution
		{778560C4-1B9F-42CC-8DE5-FAA496A00E60}.Debug|Any CPU.ActiveCfg = Debug|Any CPU
		{778560C4-1B9F-42CC-8DE5-FAA496A00E60}.Debug|Any CPU.Build.0 = Debug|Any CPU
		{778560C4-1B9F-42CC-8DE5-FAA496A00E60}.Release|Any CPU.ActiveCfg = Release|Any CPU
		{778560C4-1B9F-42CC-8DE5-FAA496A00E60}.Release|Any CPU.Build.0 = Release|Any CPU
		{2D239BE6-F750-4417-A0FD-7FE7307CE936}.Debug|Any CPU.ActiveCfg = Debug|Any CPU
		{2D239BE6-F750-4417-A0FD-7FE7307CE936}.Debug|Any CPU.Build.0 = Debug|Any CPU
		{2D239BE6-F750-4417-A0FD-7FE7307CE936}.Release|Any CPU.ActiveCfg = Release|Any CPU
		{2D239BE6-F750-4417-A0FD-7FE7307CE936}.Release|Any CPU.Build.0 = Release|Any CPU
		{1B66A4EE-3166-48BE-8891-7B03C4C3891E}.Debug|Any CPU.ActiveCfg = Debug|Any CPU
		{1B66A4EE-3166-48BE-8891-7B03C4C3891E}.Debug|Any CPU.Build.0 = Debug|Any CPU
		{1B66A4EE-3166-48BE-8891-7B03C4C3891E}.Release|Any CPU.ActiveCfg = Release|Any CPU
		{1B66A4EE-3166-48BE-8891-7B03C4C3891E}.Release|Any CPU.Build.0 = Release|Any CPU
		{470E1B45-9F18-4A5C-90B0-32538CEF168E}.Debug|Any CPU.ActiveCfg = Debug|Any CPU
		{470E1B45-9F18-4A5C-90B0-32538CEF168E}.Debug|Any CPU.Build.0 = Debug|Any CPU
		{470E1B45-9F18-4A5C-90B0-32538CEF168E}.Release|Any CPU.ActiveCfg = Release|Any CPU
		{470E1B45-9F18-4A5C-90B0-32538CEF168E}.Release|Any CPU.Build.0 = Release|Any CPU
		{EFC45460-4B7D-434F-B9AC-3F3D63831708}.Debug|Any CPU.ActiveCfg = Debug|Any CPU
		{EFC45460-4B7D-434F-B9AC-3F3D63831708}.Debug|Any CPU.Build.0 = Debug|Any CPU
		{EFC45460-4B7D-434F-B9AC-3F3D63831708}.Release|Any CPU.ActiveCfg = Release|Any CPU
		{EFC45460-4B7D-434F-B9AC-3F3D63831708}.Release|Any CPU.Build.0 = Release|Any CPU
		{3052741E-04EA-44DB-8719-78790F17479B}.Debug|Any CPU.ActiveCfg = Debug|Any CPU
		{3052741E-04EA-44DB-8719-78790F17479B}.Debug|Any CPU.Build.0 = Debug|Any CPU
		{3052741E-04EA-44DB-8719-78790F17479B}.Release|Any CPU.ActiveCfg = Release|Any CPU
		{3052741E-04EA-44DB-8719-78790F17479B}.Release|Any CPU.Build.0 = Release|Any CPU
	EndGlobalSection
	GlobalSection(SolutionProperties) = preSolution
		HideSolutionNode = FALSE
	EndGlobalSection
	GlobalSection(ExtensibilityGlobals) = postSolution
		SolutionGuid = {1210A083-DD1F-4243-B1AD-E55354520080}
	EndGlobalSection
EndGlobal
