
Microsoft Visual Studio Solution File, Format Version 12.00
# Visual Studio 15
VisualStudioVersion = 15.0.28307.1145
MinimumVisualStudioVersion = 10.0.40219.1
Project("{FAE04EC0-301F-11D3-BF4B-00C04F79EFBC}") = "sumator", "sumator\sumator.csproj", "{864B744B-E621-4796-8F62-213E20A61571}"
EndProject
Project("{FAE04EC0-301F-11D3-BF4B-00C04F79EFBC}") = "bgn to euro", "bgn to euro\bgn to euro.csproj", "{2381115B-D2A4-49F1-A106-5DEED720187E}"
EndProject
Global
	GlobalSection(SolutionConfigurationPlatforms) = preSolution
		Debug|Any CPU = Debug|Any CPU
		Release|Any CPU = Release|Any CPU
	EndGlobalSection
	GlobalSection(ProjectConfigurationPlatforms) = postSolution
		{864B744B-E621-4796-8F62-213E20A61571}.Debug|Any CPU.ActiveCfg = Debug|Any CPU
		{864B744B-E621-4796-8F62-213E20A61571}.Debug|Any CPU.Build.0 = Debug|Any CPU
		{864B744B-E621-4796-8F62-213E20A61571}.Release|Any CPU.ActiveCfg = Release|Any CPU
		{864B744B-E621-4796-8F62-213E20A61571}.Release|Any CPU.Build.0 = Release|Any CPU
		{2381115B-D2A4-49F1-A106-5DEED720187E}.Debug|Any CPU.ActiveCfg = Debug|Any CPU
		{2381115B-D2A4-49F1-A106-5DEED720187E}.Debug|Any CPU.Build.0 = Debug|Any CPU
		{2381115B-D2A4-49F1-A106-5DEED720187E}.Release|Any CPU.ActiveCfg = Release|Any CPU
		{2381115B-D2A4-49F1-A106-5DEED720187E}.Release|Any CPU.Build.0 = Release|Any CPU
	EndGlobalSection
	GlobalSection(SolutionProperties) = preSolution
		HideSolutionNode = FALSE
	EndGlobalSection
	GlobalSection(ExtensibilityGlobals) = postSolution
		SolutionGuid = {9AC9461D-2F1E-4A4B-AC2D-2E5466147BDE}
	EndGlobalSection
EndGlobal
