
Microsoft Visual Studio Solution File, Format Version 12.00
# Visual Studio 15
VisualStudioVersion = 15.0.28307.1145
MinimumVisualStudioVersion = 10.0.40219.1
Project("{FAE04EC0-301F-11D3-BF4B-00C04F79EFBC}") = "dishwasher", "dishwasher\dishwasher.csproj", "{A79FF002-CAF8-4A85-AE1D-EDCB027C03B3}"
EndProject
Project("{FAE04EC0-301F-11D3-BF4B-00C04F79EFBC}") = "00", "00\00.csproj", "{89AB0805-691D-41F9-8845-2D6BD7127911}"
EndProject
Global
	GlobalSection(SolutionConfigurationPlatforms) = preSolution
		Debug|Any CPU = Debug|Any CPU
		Release|Any CPU = Release|Any CPU
	EndGlobalSection
	GlobalSection(ProjectConfigurationPlatforms) = postSolution
		{A79FF002-CAF8-4A85-AE1D-EDCB027C03B3}.Debug|Any CPU.ActiveCfg = Debug|Any CPU
		{A79FF002-CAF8-4A85-AE1D-EDCB027C03B3}.Debug|Any CPU.Build.0 = Debug|Any CPU
		{A79FF002-CAF8-4A85-AE1D-EDCB027C03B3}.Release|Any CPU.ActiveCfg = Release|Any CPU
		{A79FF002-CAF8-4A85-AE1D-EDCB027C03B3}.Release|Any CPU.Build.0 = Release|Any CPU
		{89AB0805-691D-41F9-8845-2D6BD7127911}.Debug|Any CPU.ActiveCfg = Debug|Any CPU
		{89AB0805-691D-41F9-8845-2D6BD7127911}.Debug|Any CPU.Build.0 = Debug|Any CPU
		{89AB0805-691D-41F9-8845-2D6BD7127911}.Release|Any CPU.ActiveCfg = Release|Any CPU
		{89AB0805-691D-41F9-8845-2D6BD7127911}.Release|Any CPU.Build.0 = Release|Any CPU
	EndGlobalSection
	GlobalSection(SolutionProperties) = preSolution
		HideSolutionNode = FALSE
	EndGlobalSection
	GlobalSection(ExtensibilityGlobals) = postSolution
		SolutionGuid = {3EA338B2-7541-4F9C-B0D6-F59B85636688}
	EndGlobalSection
EndGlobal
