
Microsoft Visual Studio Solution File, Format Version 12.00
# Visual Studio 15
VisualStudioVersion = 15.0.28307.1145
MinimumVisualStudioVersion = 10.0.40219.1
Project("{FAE04EC0-301F-11D3-BF4B-00C04F79EFBC}") = "1", "one\1.csproj", "{74B2C8E1-6687-4008-9639-EBEA18B2443E}"
EndProject
Project("{FAE04EC0-301F-11D3-BF4B-00C04F79EFBC}") = "2", "two\2.csproj", "{0E021ABF-BBFE-4D5A-878A-B05191F58197}"
EndProject
Project("{FAE04EC0-301F-11D3-BF4B-00C04F79EFBC}") = "3", "three\3.csproj", "{DA2B3E1B-C330-442A-8D9A-4762CB454A68}"
EndProject
Project("{FAE04EC0-301F-11D3-BF4B-00C04F79EFBC}") = "4", "four\4.csproj", "{837FA3C4-33BF-4AF5-961C-02415D13B2BA}"
EndProject
Project("{FAE04EC0-301F-11D3-BF4B-00C04F79EFBC}") = "5", "five\5.csproj", "{9F8012F6-8D09-4171-BEC1-448FADEA6B1C}"
EndProject
Project("{FAE04EC0-301F-11D3-BF4B-00C04F79EFBC}") = "6", "six\6.csproj", "{DD492592-68BB-413C-BFD6-42A892495576}"
EndProject
Global
	GlobalSection(SolutionConfigurationPlatforms) = preSolution
		Debug|Any CPU = Debug|Any CPU
		Release|Any CPU = Release|Any CPU
	EndGlobalSection
	GlobalSection(ProjectConfigurationPlatforms) = postSolution
		{74B2C8E1-6687-4008-9639-EBEA18B2443E}.Debug|Any CPU.ActiveCfg = Debug|Any CPU
		{74B2C8E1-6687-4008-9639-EBEA18B2443E}.Debug|Any CPU.Build.0 = Debug|Any CPU
		{74B2C8E1-6687-4008-9639-EBEA18B2443E}.Release|Any CPU.ActiveCfg = Release|Any CPU
		{74B2C8E1-6687-4008-9639-EBEA18B2443E}.Release|Any CPU.Build.0 = Release|Any CPU
		{0E021ABF-BBFE-4D5A-878A-B05191F58197}.Debug|Any CPU.ActiveCfg = Debug|Any CPU
		{0E021ABF-BBFE-4D5A-878A-B05191F58197}.Debug|Any CPU.Build.0 = Debug|Any CPU
		{0E021ABF-BBFE-4D5A-878A-B05191F58197}.Release|Any CPU.ActiveCfg = Release|Any CPU
		{0E021ABF-BBFE-4D5A-878A-B05191F58197}.Release|Any CPU.Build.0 = Release|Any CPU
		{DA2B3E1B-C330-442A-8D9A-4762CB454A68}.Debug|Any CPU.ActiveCfg = Debug|Any CPU
		{DA2B3E1B-C330-442A-8D9A-4762CB454A68}.Debug|Any CPU.Build.0 = Debug|Any CPU
		{DA2B3E1B-C330-442A-8D9A-4762CB454A68}.Release|Any CPU.ActiveCfg = Release|Any CPU
		{DA2B3E1B-C330-442A-8D9A-4762CB454A68}.Release|Any CPU.Build.0 = Release|Any CPU
		{837FA3C4-33BF-4AF5-961C-02415D13B2BA}.Debug|Any CPU.ActiveCfg = Debug|Any CPU
		{837FA3C4-33BF-4AF5-961C-02415D13B2BA}.Debug|Any CPU.Build.0 = Debug|Any CPU
		{837FA3C4-33BF-4AF5-961C-02415D13B2BA}.Release|Any CPU.ActiveCfg = Release|Any CPU
		{837FA3C4-33BF-4AF5-961C-02415D13B2BA}.Release|Any CPU.Build.0 = Release|Any CPU
		{9F8012F6-8D09-4171-BEC1-448FADEA6B1C}.Debug|Any CPU.ActiveCfg = Debug|Any CPU
		{9F8012F6-8D09-4171-BEC1-448FADEA6B1C}.Debug|Any CPU.Build.0 = Debug|Any CPU
		{9F8012F6-8D09-4171-BEC1-448FADEA6B1C}.Release|Any CPU.ActiveCfg = Release|Any CPU
		{9F8012F6-8D09-4171-BEC1-448FADEA6B1C}.Release|Any CPU.Build.0 = Release|Any CPU
		{DD492592-68BB-413C-BFD6-42A892495576}.Debug|Any CPU.ActiveCfg = Debug|Any CPU
		{DD492592-68BB-413C-BFD6-42A892495576}.Debug|Any CPU.Build.0 = Debug|Any CPU
		{DD492592-68BB-413C-BFD6-42A892495576}.Release|Any CPU.ActiveCfg = Release|Any CPU
		{DD492592-68BB-413C-BFD6-42A892495576}.Release|Any CPU.Build.0 = Release|Any CPU
	EndGlobalSection
	GlobalSection(SolutionProperties) = preSolution
		HideSolutionNode = FALSE
	EndGlobalSection
	GlobalSection(ExtensibilityGlobals) = postSolution
		SolutionGuid = {A59D477E-310B-44E5-B5A4-33395741366B}
	EndGlobalSection
EndGlobal
